// !$*UTF8*$!
{
	archiveVersion = 1;
	classes = {
	};
	objectVersion = 50;
	objects = {

/* Begin PBXBuildFile section */
		F582A765256CAA71006FD2FE /* ClimaData.swift in Sources */ = {isa = PBXBuildFile; fileRef = F582A764256CAA71006FD2FE /* ClimaData.swift */; };
		F5D759A9256C059A002FD1E8 /* AppDelegate.swift in Sources */ = {isa = PBXBuildFile; fileRef = F5D759A8256C059A002FD1E8 /* AppDelegate.swift */; };
		F5D759AB256C059A002FD1E8 /* SceneDelegate.swift in Sources */ = {isa = PBXBuildFile; fileRef = F5D759AA256C059A002FD1E8 /* SceneDelegate.swift */; };
		F5D759AD256C059A002FD1E8 /* ViewController.swift in Sources */ = {isa = PBXBuildFile; fileRef = F5D759AC256C059A002FD1E8 /* ViewController.swift */; };
		F5D759B0256C059A002FD1E8 /* Main.storyboard in Resources */ = {isa = PBXBuildFile; fileRef = F5D759AE256C059A002FD1E8 /* Main.storyboard */; };
		F5D759B2256C059B002FD1E8 /* Assets.xcassets in Resources */ = {isa = PBXBuildFile; fileRef = F5D759B1256C059B002FD1E8 /* Assets.xcassets */; };
		F5D759B5256C059B002FD1E8 /* LaunchScreen.storyboard in Resources */ = {isa = PBXBuildFile; fileRef = F5D759B3256C059B002FD1E8 /* LaunchScreen.storyboard */; };
		F5D759BD256C7723002FD1E8 /* ClimaManager.swift in Sources */ = {isa = PBXBuildFile; fileRef = F5D759BC256C7723002FD1E8 /* ClimaManager.swift */; };
/* End PBXBuildFile section */

/* Begin PBXFileReference section */
		F582A764256CAA71006FD2FE /* ClimaData.swift */ = {isa = PBXFileReference; lastKnownFileType = sourcecode.swift; path = ClimaData.swift; sourceTree = "<group>"; };
		F5D759A5256C059A002FD1E8 /* ApiClima.app */ = {isa = PBXFileReference; explicitFileType = wrapper.application; includeInIndex = 0; path = ApiClima.app; sourceTree = BUILT_PRODUCTS_DIR; };
		F5D759A8256C059A002FD1E8 /* AppDelegate.swift */ = {isa = PBXFileReference; lastKnownFileType = sourcecode.swift; path = AppDelegate.swift; sourceTree = "<group>"; };
		F5D759AA256C059A002FD1E8 /* SceneDelegate.swift */ = {isa = PBXFileReference; lastKnownFileType = sourcecode.swift; path = SceneDelegate.swift; sourceTree = "<group>"; };
		F5D759AC256C059A002FD1E8 /* ViewController.swift */ = {isa = PBXFileReference; lastKnownFileType = sourcecode.swift; path = ViewController.swift; sourceTree = "<group>"; };
		F5D759AF256C059A002FD1E8 /* Base */ = {isa = PBXFileReference; lastKnownFileType = file.storyboard; name = Base; path = Base.lproj/Main.storyboard; sourceTree = "<group>"; };
		F5D759B1256C059B002FD1E8 /* Assets.xcassets */ = {isa = PBXFileReference; lastKnownFileType = folder.assetcatalog; path = Assets.xcassets; sourceTree = "<group>"; };
		F5D759B4256C059B002FD1E8 /* Base */ = {isa = PBXFileReference; lastKnownFileType = file.storyboard; name = Base; path = Base.lproj/LaunchScreen.storyboard; sourceTree = "<group>"; };
		F5D759B6256C059B002FD1E8 /* Info.plist */ = {isa = PBXFileReference; lastKnownFileType = text.plist.xml; path = Info.plist; sourceTree = "<group>"; };
		F5D759BC256C7723002FD1E8 /* ClimaManager.swift */ = {isa = PBXFileReference; lastKnownFileType = sourcecode.swift; path = ClimaManager.swift; sourceTree = "<group>"; };
/* End PBXFileReference section */

/* Begin PBXFrameworksBuildPhase section */
		F5D759A2256C059A002FD1E8 /* Frameworks */ = {
			isa = PBXFrameworksBuildPhase;
			buildActionMask = 2147483647;
			files = (
			);
			runOnlyForDeploymentPostprocessing = 0;
		};
/* End PBXFrameworksBuildPhase section */

/* Begin PBXGroup section */
		F5D7599C256C0599002FD1E8 = {
			isa = PBXGroup;
			children = (
				F5D759A7256C059A002FD1E8 /* ApiClima */,
				F5D759A6256C059A002FD1E8 /* Products */,
			);
			sourceTree = "<group>";
		};
		F5D759A6256C059A002FD1E8 /* Products */ = {
			isa = PBXGroup;
			children = (
				F5D759A5256C059A002FD1E8 /* ApiClima.app */,
			);
			name = Products;
			sourceTree = "<group>";
		};
		F5D759A7256C059A002FD1E8 /* ApiClima */ = {
			isa = PBXGroup;
			children = (
				F5D759A8256C059A002FD1E8 /* AppDelegate.swift */,
				F5D759AA256C059A002FD1E8 /* SceneDelegate.swift */,
				F5D759AC256C059A002FD1E8 /* ViewController.swift */,
				F5D759BC256C7723002FD1E8 /* ClimaManager.swift */,
				F582A764256CAA71006FD2FE /* ClimaData.swift */,
				F5D759AE256C059A002FD1E8 /* Main.storyboard */,
				F5D759B1256C059B002FD1E8 /* Assets.xcassets */,
				F5D759B3256C059B002FD1E8 /* LaunchScreen.storyboard */,
				F5D759B6256C059B002FD1E8 /* Info.plist */,
			);
			path = ApiClima;
			sourceTree = "<group>";
		};
/* End PBXGroup section */

/* Begin PBXNativeTarget section */
		F5D759A4256C059A002FD1E8 /* ApiClima */ = {
			isa = PBXNativeTarget;
			buildConfigurationList = F5D759B9256C059B002FD1E8 /* Build configuration list for PBXNativeTarget "ApiClima" */;
			buildPhases = (
				F5D759A1256C059A002FD1E8 /* Sources */,
				F5D759A2256C059A002FD1E8 /* Frameworks */,
				F5D759A3256C059A002FD1E8 /* Resources */,
			);
			buildRules = (
			);
			dependencies = (
			);
			name = ApiClima;
			productName = ApiClima;
			productReference = F5D759A5256C059A002FD1E8 /* ApiClima.app */;
			productType = "com.apple.product-type.application";
		};
/* End PBXNativeTarget section */

/* Begin PBXProject section */
		F5D7599D256C0599002FD1E8 /* Project object */ = {
			isa = PBXProject;
			attributes = {
				LastSwiftUpdateCheck = 1130;
				LastUpgradeCheck = 1130;
				ORGANIZATIONNAME = "Blanca Cordova";
				TargetAttributes = {
					F5D759A4256C059A002FD1E8 = {
						CreatedOnToolsVersion = 11.3.1;
					};
				};
			};
			buildConfigurationList = F5D759A0256C0599002FD1E8 /* Build configuration list for PBXProject "ApiClima" */;
			compatibilityVersion = "Xcode 9.3";
			developmentRegion = en;
			hasScannedForEncodings = 0;
			knownRegions = (
				en,
				Base,
			);
			mainGroup = F5D7599C256C0599002FD1E8;
			productRefGroup = F5D759A6256C059A002FD1E8 /* Products */;
			projectDirPath = "";
			projectRoot = "";
			targets = (
				F5D759A4256C059A002FD1E8 /* ApiClima */,
			);
		};
/* End PBXProject section */

/* Begin PBXResourcesBuildPhase section */
		F5D759A3256C059A002FD1E8 /* Resources */ = {
			isa = PBXResourcesBuildPhase;
			buildActionMask = 2147483647;
			files = (
				F5D759B5256C059B002FD1E8 /* LaunchScreen.storyboard in Resources */,
				F5D759B2256C059B002FD1E8 /* Assets.xcassets in Resources */,
				F5D759B0256C059A002FD1E8 /* Main.storyboard in Resources */,
			);
			runOnlyForDeploymentPostprocessing = 0;
		};
/* End PBXResourcesBuildPhase section */

/* Begin PBXSourcesBuildPhase section */
		F5D759A1256C059A002FD1E8 /* Sources */ = {
			isa = PBXSourcesBuildPhase;
			buildActionMask = 2147483647;
			files = (
				F5D759AD256C059A002FD1E8 /* ViewController.swift in Sources */,
				F5D759A9256C059A002FD1E8 /* AppDelegate.swift in Sources */,
				F5D759BD256C7723002FD1E8 /* ClimaManager.swift in Sources */,
				F5D759AB256C059A002FD1E8 /* SceneDelegate.swift in Sources */,
				F582A765256CAA71006FD2FE /* ClimaData.swift in Sources */,
			);
			runOnlyForDeploymentPostprocessing = 0;
		};
/* End PBXSourcesBuildPhase section */

/* Begin PBXVariantGroup section */
		F5D759AE256C059A002FD1E8 /* Main.storyboard */ = {
			isa = PBXVariantGroup;
			children = (
				F5D759AF256C059A002FD1E8 /* Base */,
			);
			name = Main.storyboard;
			sourceTree = "<group>";
		};
		F5D759B3256C059B002FD1E8 /* LaunchScreen.storyboard */ = {
			isa = PBXVariantGroup;
			children = (
				F5D759B4256C059B002FD1E8 /* Base */,
			);
			name = LaunchScreen.storyboard;
			sourceTree = "<group>";
		};
/* End PBXVariantGroup section */

/* Begin XCBuildConfiguration section */
		F5D759B7256C059B002FD1E8 /* Debug */ = {
			isa = XCBuildConfiguration;
			buildSettings = {
				ALWAYS_SEARCH_USER_PATHS = NO;
				CLANG_ANALYZER_NONNULL = YES;
				CLANG_ANALYZER_NUMBER_OBJECT_CONVERSION = YES_AGGRESSIVE;
				CLANG_CXX_LANGUAGE_STANDARD = "gnu++14";
				CLANG_CXX_LIBRARY = "libc++";
				CLANG_ENABLE_MODULES = YES;
				CLANG_ENABLE_OBJC_ARC = YES;
				CLANG_ENABLE_OBJC_WEAK = YES;
				CLANG_WARN_BLOCK_CAPTURE_AUTORELEASING = YES;
				CLANG_WARN_BOOL_CONVERSION = YES;
				CLANG_WARN_COMMA = YES;
				CLANG_WARN_CONSTANT_CONVERSION = YES;
				CLANG_WARN_DEPRECATED_OBJC_IMPLEMENTATIONS = YES;
				CLANG_WARN_DIRECT_OBJC_ISA_USAGE = YES_ERROR;
				CLANG_WARN_DOCUMENTATION_COMMENTS = YES;
				CLANG_WARN_EMPTY_BODY = YES;
				CLANG_WARN_ENUM_CONVERSION = YES;
				CLANG_WARN_INFINITE_RECURSION = YES;
				CLANG_WARN_INT_CONVERSION = YES;
				CLANG_WARN_NON_LITERAL_NULL_CONVERSION = YES;
				CLANG_WARN_OBJC_IMPLICIT_RETAIN_SELF = YES;
				CLANG_WARN_OBJC_LITERAL_CONVERSION = YES;
				CLANG_WARN_OBJC_ROOT_CLASS = YES_ERROR;
				CLANG_WARN_RANGE_LOOP_ANALYSIS = YES;
				CLANG_WARN_STRICT_PROTOTYPES = YES;
				CLANG_WARN_SUSPICIOUS_MOVE = YES;
				CLANG_WARN_UNGUARDED_AVAILABILITY = YES_AGGRESSIVE;
				CLANG_WARN_UNREACHABLE_CODE = YES;
				CLANG_WARN__DUPLICATE_METHOD_MATCH = YES;
				COPY_PHASE_STRIP = NO;
				DEBUG_INFORMATION_FORMAT = dwarf;
				ENABLE_STRICT_OBJC_MSGSEND = YES;
				ENABLE_TESTABILITY = YES;
				GCC_C_LANGUAGE_STANDARD = gnu11;
				GCC_DYNAMIC_NO_PIC = NO;
				GCC_NO_COMMON_BLOCKS = YES;
				GCC_OPTIMIZATION_LEVEL = 0;
				GCC_PREPROCESSOR_DEFINITIONS = (
					"DEBUG=1",
					"$(inherited)",
				);
				GCC_WARN_64_TO_32_BIT_CONVERSION = YES;
				GCC_WARN_ABOUT_RETURN_TYPE = YES_ERROR;
				GCC_WARN_UNDECLARED_SELECTOR = YES;
				GCC_WARN_UNINITIALIZED_AUTOS = YES_AGGRESSIVE;
				GCC_WARN_UNUSED_FUNCTION = YES;
				GCC_WARN_UNUSED_VARIABLE = YES;
				IPHONEOS_DEPLOYMENT_TARGET = 13.2;
				MTL_ENABLE_DEBUG_INFO = INCLUDE_SOURCE;
				MTL_FAST_MATH = YES;
				ONLY_ACTIVE_ARCH = YES;
				SDKROOT = iphoneos;
				SWIFT_ACTIVE_COMPILATION_CONDITIONS = DEBUG;
				SWIFT_OPTIMIZATION_LEVEL = "-Onone";
			};
			name = Debug;
		};
		F5D759B8256C059B002FD1E8 /* Release */ = {
			isa = XCBuildConfiguration;
			buildSettings = {
				ALWAYS_SEARCH_USER_PATHS = NO;
				CLANG_ANALYZER_NONNULL = YES;
				CLANG_ANALYZER_NUMBER_OBJECT_CONVERSION = YES_AGGRESSIVE;
				CLANG_CXX_LANGUAGE_STANDARD = "gnu++14";
				CLANG_CXX_LIBRARY = "libc++";
				CLANG_ENABLE_MODULES = YES;
				CLANG_ENABLE_OBJC_ARC = YES;
				CLANG_ENABLE_OBJC_WEAK = YES;
				CLANG_WARN_BLOCK_CAPTURE_AUTORELEASING = YES;
				CLANG_WARN_BOOL_CONVERSION = YES;
				CLANG_WARN_COMMA = YES;
				CLANG_WARN_CONSTANT_CONVERSION = YES;
				CLANG_WARN_DEPRECATED_OBJC_IMPLEMENTATIONS = YES;
				CLANG_WARN_DIRECT_OBJC_ISA_USAGE = YES_ERROR;
				CLANG_WARN_DOCUMENTATION_COMMENTS = YES;
				CLANG_WARN_EMPTY_BODY = YES;
				CLANG_WARN_ENUM_CONVERSION = YES;
				CLANG_WARN_INFINITE_RECURSION = YES;
				CLANG_WARN_INT_CONVERSION = YES;
				CLANG_WARN_NON_LITERAL_NULL_CONVERSION = YES;
				CLANG_WARN_OBJC_IMPLICIT_RETAIN_SELF = YES;
				CLANG_WARN_OBJC_LITERAL_CONVERSION = YES;
				CLANG_WARN_OBJC_ROOT_CLASS = YES_ERROR;
				CLANG_WARN_RANGE_LOOP_ANALYSIS = YES;
				CLANG_WARN_STRICT_PROTOTYPES = YES;
				CLANG_WARN_SUSPICIOUS_MOVE = YES;
				CLANG_WARN_UNGUARDED_AVAILABILITY = YES_AGGRESSIVE;
				CLANG_WARN_UNREACHABLE_CODE = YES;
				CLANG_WARN__DUPLICATE_METHOD_MATCH = YES;
				COPY_PHASE_STRIP = NO;
				DEBUG_INFORMATION_FORMAT = "dwarf-with-dsym";
				ENABLE_NS_ASSERTIONS = NO;
				ENABLE_STRICT_OBJC_MSGSEND = YES;
				GCC_C_LANGUAGE_STANDARD = gnu11;
				GCC_NO_COMMON_BLOCKS = YES;
				GCC_WARN_64_TO_32_BIT_CONVERSION = YES;
				GCC_WARN_ABOUT_RETURN_TYPE = YES_ERROR;
				GCC_WARN_UNDECLARED_SELECTOR = YES;
				GCC_WARN_UNINITIALIZED_AUTOS = YES_AGGRESSIVE;
				GCC_WARN_UNUSED_FUNCTION = YES;
				GCC_WARN_UNUSED_VARIABLE = YES;
				IPHONEOS_DEPLOYMENT_TARGET = 13.2;
				MTL_ENABLE_DEBUG_INFO = NO;
				MTL_FAST_MATH = YES;
				SDKROOT = iphoneos;
				SWIFT_COMPILATION_MODE = wholemodule;
				SWIFT_OPTIMIZATION_LEVEL = "-O";
				VALIDATE_PRODUCT = YES;
			};
			name = Release;
		};
		F5D759BA256C059B002FD1E8 /* Debug */ = {
			isa = XCBuildConfiguration;
			buildSettings = {
				ASSETCATALOG_COMPILER_APPICON_NAME = AppIcon;
				CODE_SIGN_STYLE = Automatic;
				INFOPLIST_FILE = ApiClima/Info.plist;
				LD_RUNPATH_SEARCH_PATHS = (
					"$(inherited)",
					"@executable_path/Frameworks",
				);
				PRODUCT_BUNDLE_IDENTIFIER = com.blancacordova.ApiClima;
				PRODUCT_NAME = "$(TARGET_NAME)";
				SWIFT_VERSION = 5.0;
				TARGETED_DEVICE_FAMILY = "1,2";
			};
			name = Debug;
		};
		F5D759BB256C059B002FD1E8 /* Release */ = {
			isa = XCBuildConfiguration;
			buildSettings = {
				ASSETCATALOG_COMPILER_APPICON_NAME = AppIcon;
				CODE_SIGN_STYLE = Automatic;
				INFOPLIST_FILE = ApiClima/Info.plist;
				LD_RUNPATH_SEARCH_PATHS = (
					"$(inherited)",
					"@executable_path/Frameworks",
				);
				PRODUCT_BUNDLE_IDENTIFIER = com.blancacordova.ApiClima;
				PRODUCT_NAME = "$(TARGET_NAME)";
				SWIFT_VERSION = 5.0;
				TARGETED_DEVICE_FAMILY = "1,2";
			};
			name = Release;
		};
/* End XCBuildConfiguration section */

/* Begin XCConfigurationList section */
		F5D759A0256C0599002FD1E8 /* Build configuration list for PBXProject "ApiClima" */ = {
			isa = XCConfigurationList;
			buildConfigurations = (
				F5D759B7256C059B002FD1E8 /* Debug */,
				F5D759B8256C059B002FD1E8 /* Release */,
			);
			defaultConfigurationIsVisible = 0;
			defaultConfigurationName = Release;
		};
		F5D759B9256C059B002FD1E8 /* Build configuration list for PBXNativeTarget "ApiClima" */ = {
			isa = XCConfigurationList;
			buildConfigurations = (
				F5D759BA256C059B002FD1E8 /* Debug */,
				F5D759BB256C059B002FD1E8 /* Release */,
			);
			defaultConfigurationIsVisible = 0;
			defaultConfigurationName = Release;
		};
/* End XCConfigurationList section */
	};
	rootObject = F5D7599D256C0599002FD1E8 /* Project object */;
}
